
Microsoft Visual Studio Solution File, Format Version 12.00
# Visual Studio Version 17
VisualStudioVersion = 17.3.32825.248
MinimumVisualStudioVersion = 10.0.40219.1
Project("{9A19103F-16F7-4668-BE54-9A1E7A4F7556}") = "API", "API\API.csproj", "{EE7C4E43-B107-457C-8797-ED3B59CAD51D}"
EndProject
Project("{54A90642-561A-4BB1-A94E-469ADEE60C69}") = "client", "client\client.esproj", "{FA18752C-3831-476F-9682-94FBDD992414}"
EndProject
Global
	GlobalSection(SolutionConfigurationPlatforms) = preSolution
		Debug|Any CPU = Debug|Any CPU
		Release|Any CPU = Release|Any CPU
	EndGlobalSection
	GlobalSection(ProjectConfigurationPlatforms) = postSolution
		{EE7C4E43-B107-457C-8797-ED3B59CAD51D}.Debug|Any CPU.ActiveCfg = Debug|Any CPU
		{EE7C4E43-B107-457C-8797-ED3B59CAD51D}.Debug|Any CPU.Build.0 = Debug|Any CPU
		{EE7C4E43-B107-457C-8797-ED3B59CAD51D}.Release|Any CPU.ActiveCfg = Release|Any CPU
		{EE7C4E43-B107-457C-8797-ED3B59CAD51D}.Release|Any CPU.Build.0 = Release|Any CPU
		{FA18752C-3831-476F-9682-94FBDD992414}.Debug|Any CPU.ActiveCfg = Debug|Any CPU
		{FA18752C-3831-476F-9682-94FBDD992414}.Debug|Any CPU.Build.0 = Debug|Any CPU
		{FA18752C-3831-476F-9682-94FBDD992414}.Debug|Any CPU.Deploy.0 = Debug|Any CPU
		{FA18752C-3831-476F-9682-94FBDD992414}.Release|Any CPU.ActiveCfg = Release|Any CPU
		{FA18752C-3831-476F-9682-94FBDD992414}.Release|Any CPU.Build.0 = Release|Any CPU
		{FA18752C-3831-476F-9682-94FBDD992414}.Release|Any CPU.Deploy.0 = Release|Any CPU
	EndGlobalSection
	GlobalSection(SolutionProperties) = preSolution
		HideSolutionNode = FALSE
	EndGlobalSection
	GlobalSection(ExtensibilityGlobals) = postSolution
		SolutionGuid = {01C2E42B-27B6-4B4A-90B4-5A49A7058F1D}
	EndGlobalSection
EndGlobal
